{
  "name": "hayhar-dto",
  "version": "1.9.0",
  "lockfileVersion": 2,
  "requires": true,
  "packages": {
    "": {
      "name": "hayhar-dto",
      "version": "1.4.0",
      "license": "MIT",
      "dependencies": {
        "@types/stripe-v3": "^3.1.24"
      },
      "devDependencies": {
        "typescript": "^4.3.4"
      }
    },
    "node_modules/@types/stripe-v3": {
      "version": "3.1.24",
      "resolved": "https://registry.npmjs.org/@types/stripe-v3/-/stripe-v3-3.1.24.tgz",
      "integrity": "sha512-9KkV8BE9o+qJvyar7irZN0lu5eDAL0cgLPiPA5yeH941RMetlglnZt6apl1unfZ8mDp/CK9/jokbPJ5io14vvg=="
    },
    "node_modules/typescript": {
      "version": "4.3.4",
      "resolved": "https://registry.npmjs.org/typescript/-/typescript-4.3.4.tgz",
      "integrity": "sha512-uauPG7XZn9F/mo+7MrsRjyvbxFpzemRjKEZXS4AK83oP2KKOJPvb+9cO/gmnv8arWZvhnjVOXz7B49m1l0e9Ew==",
      "dev": true,
      "bin": {
        "tsc": "bin/tsc",
        "tsserver": "bin/tsserver"
      },
      "engines": {
        "node": ">=4.2.0"
      }
    }
  },
  "dependencies": {
    "@types/stripe-v3": {
      "version": "3.1.24",
      "resolved": "https://registry.npmjs.org/@types/stripe-v3/-/stripe-v3-3.1.24.tgz",
      "integrity": "sha512-9KkV8BE9o+qJvyar7irZN0lu5eDAL0cgLPiPA5yeH941RMetlglnZt6apl1unfZ8mDp/CK9/jokbPJ5io14vvg=="
    },
    "typescript": {
      "version": "4.3.4",
      "resolved": "https://registry.npmjs.org/typescript/-/typescript-4.3.4.tgz",
      "integrity": "sha512-uauPG7XZn9F/mo+7MrsRjyvbxFpzemRjKEZXS4AK83oP2KKOJPvb+9cO/gmnv8arWZvhnjVOXz7B49m1l0e9Ew==",
      "dev": true
    }
  }
}
