# THIS IS AN AUTOGENERATED FILE. DO NOT EDIT THIS FILE DIRECTLY.
# yarn lockfile v1


zod@^3.14.2:
  version "3.14.2"
  resolved "https://registry.yarnpkg.com/zod/-/zod-3.14.2.tgz#0b4ed79085c471adce0e7f2c0a4fbb5ddc516ba2"
  integrity sha512-iF+wrtzz7fQfkmn60PG6XFxaWBhYYKzp2i+nv24WbLUWb2JjymdkHlzBwP0erpc78WotwP5g9AAu7Sk8GWVVNw==
